lockfileVersion: '9.0'

settings:
  autoInstallPeers: true
  excludeLinksFromLockfile: false

importers:

  .:
    dependencies:
      '@stellar-agent/ui':
        specifier: workspace:*
        version: link:../../packages/ui
    devDependencies:
      '@stellar-agent/eslint-config':
        specifier: workspace:*
        version: link:../../packages/eslint-config
      '@stellar-agent/typescript-config':
        specifier: workspace:*
        version: link:../../packages/typescript-config
      jest-junit:
        specifier: ^16.0.0
        version: 16.0.0

packages:

  ansi-regex@5.0.1:
    resolution: {integrity: sha512-quJQXlTSUGL2LH9SUXo8VwsY4soanhgo6LNSm84E1LBcE8s3O0wpdiRzyR9z/ZZJMlMWv37qOOb9pdJlMUEKFQ==}
    engines: {node: '>=8'}

  jest-junit@16.0.0:
    resolution: {integrity: sha512-A94mmw6NfJab4Fg/BlvVOUXzXgF0XIH6EmTgJ5NDPp4xoKq0Kr7sErb+4Xs9nZvu58pJojz5RFGpqnZYJTrRfQ==}
    engines: {node: '>=10.12.0'}

  mkdirp@1.0.4:
    resolution: {integrity: sha512-vVqVZQyf3WLx2Shd0qJ9xuvqgAyKPLAiqITEtqW0oIUjzo3PePDd6fW9iFz30ef7Ysp/oiWqbhszeGWW2T6Gzw==}
    engines: {node: '>=10'}
    hasBin: true

  strip-ansi@6.0.1:
    resolution: {integrity: sha512-Y38VPSHcqkFrCpFnQ9vuSXmquuv5oXOKpGeT6aGrr3o3Gc9AlVa6JBfUSOCnbxGGZF+/0ooI7KrPuUSztUdU5A==}
    engines: {node: '>=8'}

  uuid@8.3.2:
    resolution: {integrity: sha512-+NYs2QeMWy+GWFOEm9xnn6HCDp0l7QBD7ml8zLUmJ+93Q5NF0NocErnwkTkXVFNiX3/fpC6afS8Dhb/gz7R7eg==}
    hasBin: true

  xml@1.0.1:
    resolution: {integrity: sha512-huCv9IH9Tcf95zuYCsQraZtWnJvBtLVE0QHMOs8bWyZAFZNDcYjsPq1nEx8jKA9y+Beo9v+7OBPRisQTjinQMw==}

snapshots:

  ansi-regex@5.0.1: {}

  jest-junit@16.0.0:
    dependencies:
      mkdirp: 1.0.4
      strip-ansi: 6.0.1
      uuid: 8.3.2
      xml: 1.0.1

  mkdirp@1.0.4: {}

  strip-ansi@6.0.1:
    dependencies:
      ansi-regex: 5.0.1

  uuid@8.3.2: {}

  xml@1.0.1: {}
